
Microsoft Visual Studio Solution File, Format Version 12.00
# Visual Studio 15
VisualStudioVersion = 15.0.27130.2010
MinimumVisualStudioVersion = 10.0.40219.1
Project("{FAE04EC0-301F-11D3-BF4B-00C04F79EFBC}") = "DataIntegration", "DataIntegration\DataIntegration.csproj", "{2110F684-C277-47E7-B8B9-6F17A579D0CE}"
EndProject
Global
	GlobalSection(SolutionConfigurationPlatforms) = preSolution
		Debug|Any CPU = Debug|Any CPU
		Release|Any CPU = Release|Any CPU
	EndGlobalSection
	GlobalSection(ProjectConfigurationPlatforms) = postSolution
		{2110F684-C277-47E7-B8B9-6F17A579D0CE}.Debug|Any CPU.ActiveCfg = Debug|Any CPU
		{2110F684-C277-47E7-B8B9-6F17A579D0CE}.Debug|Any CPU.Build.0 = Debug|Any CPU
		{2110F684-C277-47E7-B8B9-6F17A579D0CE}.Release|Any CPU.ActiveCfg = Release|Any CPU
		{2110F684-C277-47E7-B8B9-6F17A579D0CE}.Release|Any CPU.Build.0 = Release|Any CPU
	EndGlobalSection
	GlobalSection(SolutionProperties) = preSolution
		HideSolutionNode = FALSE
	EndGlobalSection
	GlobalSection(ExtensibilityGlobals) = postSolution
		SolutionGuid = {1A0BB7E2-5575-4884-9082-4701C2C5691C}
	EndGlobalSection
EndGlobal
